
Microsoft Visual Studio Solution File, Format Version 12.00
# Visual Studio Version 16
VisualStudioVersion = 16.0.30104.148
MinimumVisualStudioVersion = 10.0.40219.1
Project("{9A19103F-16F7-4668-BE54-9A1E7A4F7556}") = "Classes", "Classes\Classes.csproj", "{17BC04A0-2921-4662-8524-3BCB29628E15}"
EndProject
Global
	GlobalSection(SolutionConfigurationPlatforms) = preSolution
		Debug|Any CPU = Debug|Any CPU
		Release|Any CPU = Release|Any CPU
	EndGlobalSection
	GlobalSection(ProjectConfigurationPlatforms) = postSolution
		{17BC04A0-2921-4662-8524-3BCB29628E15}.Debug|Any CPU.ActiveCfg = Debug|Any CPU
		{17BC04A0-2921-4662-8524-3BCB29628E15}.Debug|Any CPU.Build.0 = Debug|Any CPU
		{17BC04A0-2921-4662-8524-3BCB29628E15}.Release|Any CPU.ActiveCfg = Release|Any CPU
		{17BC04A0-2921-4662-8524-3BCB29628E15}.Release|Any CPU.Build.0 = Release|Any CPU
	EndGlobalSection
	GlobalSection(SolutionProperties) = preSolution
		HideSolutionNode = FALSE
	EndGlobalSection
	GlobalSection(ExtensibilityGlobals) = postSolution
		SolutionGuid = {356A3F2D-EB0E-4B50-A109-91CE71815772}
	EndGlobalSection
EndGlobal
